
Microsoft Visual Studio Solution File, Format Version 12.00
# Visual Studio Version 17
VisualStudioVersion = 17.0.32112.339
MinimumVisualStudioVersion = 10.0.40219.1
Project("{FAE04EC0-301F-11D3-BF4B-00C04F79EFBC}") = "LINQDemos", "LINQDemos\LINQDemos.csproj", "{75AFC0A6-4C28-42BC-845C-AD79ED1BD951}"
EndProject
Global
	GlobalSection(SolutionConfigurationPlatforms) = preSolution
		Debug|Any CPU = Debug|Any CPU
		Release|Any CPU = Release|Any CPU
	EndGlobalSection
	GlobalSection(ProjectConfigurationPlatforms) = postSolution
		{75AFC0A6-4C28-42BC-845C-AD79ED1BD951}.Debug|Any CPU.ActiveCfg = Debug|Any CPU
		{75AFC0A6-4C28-42BC-845C-AD79ED1BD951}.Debug|Any CPU.Build.0 = Debug|Any CPU
		{75AFC0A6-4C28-42BC-845C-AD79ED1BD951}.Release|Any CPU.ActiveCfg = Release|Any CPU
		{75AFC0A6-4C28-42BC-845C-AD79ED1BD951}.Release|Any CPU.Build.0 = Release|Any CPU
	EndGlobalSection
	GlobalSection(SolutionProperties) = preSolution
		HideSolutionNode = FALSE
	EndGlobalSection
	GlobalSection(ExtensibilityGlobals) = postSolution
		SolutionGuid = {5C0A1D91-8B3C-463A-82AE-0A7CF19861ED}
	EndGlobalSection
EndGlobal
