
Microsoft Visual Studio Solution File, Format Version 12.00
# Visual Studio Version 17
VisualStudioVersion = 17.0.32112.339
MinimumVisualStudioVersion = 10.0.40219.1
Project("{FAE04EC0-301F-11D3-BF4B-00C04F79EFBC}") = "LINQDemos", "LINQDemos\LINQDemos.csproj", "{75AFC0A6-4C28-42BC-845C-AD79ED1BD951}"
EndProject
Project("{FAE04EC0-301F-11D3-BF4B-00C04F79EFBC}") = "DesignPatternsDemo", "DesignPatternsDemo\DesignPatternsDemo.csproj", "{1281F73F-0C17-4855-B3A9-2C0BE3BB5C94}"
EndProject
Project("{FAE04EC0-301F-11D3-BF4B-00C04F79EFBC}") = "IDELanguageDemo", "IDELanguageDemo\IDELanguageDemo.csproj", "{A663DC34-6937-4787-9206-68C36B024C43}"
EndProject
Project("{FAE04EC0-301F-11D3-BF4B-00C04F79EFBC}") = "OOConceptsDemo", "OOConceptsDemo\OOConceptsDemo.csproj", "{C6DDA103-BAE9-4804-BD0F-4810BE9C1F2F}"
EndProject
Project("{2150E333-8FDC-42A3-9474-1A3956D46DE8}") = "LINQ Demos", "LINQ Demos", "{5D5C9020-6D34-4F8F-96D9-AEFDD4258FCC}"
EndProject
Project("{FAE04EC0-301F-11D3-BF4B-00C04F79EFBC}") = "LINQ.Demo2", "LINQ.Demo2\LINQ.Demo2.csproj", "{FB99A7A6-D9DB-40F3-A07B-6BF6A2E913CA}"
EndProject
Project("{FAE04EC0-301F-11D3-BF4B-00C04F79EFBC}") = "LINQtoObjectDemo", "LINQtoObjectDemo\LINQtoObjectDemo.csproj", "{1D8AB8E6-9CC4-4874-A518-79CB266C33AF}"
EndProject
Project("{FAE04EC0-301F-11D3-BF4B-00C04F79EFBC}") = "LinqToXmlDemo", "LinqToXmlDemo\LinqToXmlDemo.csproj", "{22834975-1791-4058-916B-62881EC586B4}"
EndProject
Project("{FAE04EC0-301F-11D3-BF4B-00C04F79EFBC}") = "LinqToXmlDemo2", "LinqToXmlDemo2\LinqToXmlDemo2.csproj", "{5B07F98B-5FB3-469C-9BB5-5229668505AB}"
EndProject
Project("{2150E333-8FDC-42A3-9474-1A3956D46DE8}") = "EF Core Demos", "EF Core Demos", "{B185B8D1-5AEB-4CF5-AB1A-E5F9B3988A94}"
EndProject
Project("{FAE04EC0-301F-11D3-BF4B-00C04F79EFBC}") = "ProductsManagement.ConsoleApp", "ProductsManagement.ConsoleApp\ProductsManagement.ConsoleApp.csproj", "{C9BE6548-E348-45D8-89A5-2A1B3D3B1D4D}"
EndProject
Project("{FAE04EC0-301F-11D3-BF4B-00C04F79EFBC}") = "BooksCatalogManagement", "BooksCatalogManagement\BooksCatalogManagement.csproj", "{1EBE6031-CAFA-4693-9F05-260B35B433EC}"
EndProject
Project("{FAE04EC0-301F-11D3-BF4B-00C04F79EFBC}") = "EmployeeManagementApp", "EmployeeManagementApp\EmployeeManagementApp.csproj", "{78D1BB8F-E186-4A34-9693-4C463F5159FA}"
EndProject
Global
	GlobalSection(SolutionConfigurationPlatforms) = preSolution
		Debug|Any CPU = Debug|Any CPU
		Release|Any CPU = Release|Any CPU
	EndGlobalSection
	GlobalSection(ProjectConfigurationPlatforms) = postSolution
		{75AFC0A6-4C28-42BC-845C-AD79ED1BD951}.Debug|Any CPU.ActiveCfg = Debug|Any CPU
		{75AFC0A6-4C28-42BC-845C-AD79ED1BD951}.Debug|Any CPU.Build.0 = Debug|Any CPU
		{75AFC0A6-4C28-42BC-845C-AD79ED1BD951}.Release|Any CPU.ActiveCfg = Release|Any CPU
		{75AFC0A6-4C28-42BC-845C-AD79ED1BD951}.Release|Any CPU.Build.0 = Release|Any CPU
		{1281F73F-0C17-4855-B3A9-2C0BE3BB5C94}.Debug|Any CPU.ActiveCfg = Debug|Any CPU
		{1281F73F-0C17-4855-B3A9-2C0BE3BB5C94}.Debug|Any CPU.Build.0 = Debug|Any CPU
		{1281F73F-0C17-4855-B3A9-2C0BE3BB5C94}.Release|Any CPU.ActiveCfg = Release|Any CPU
		{1281F73F-0C17-4855-B3A9-2C0BE3BB5C94}.Release|Any CPU.Build.0 = Release|Any CPU
		{A663DC34-6937-4787-9206-68C36B024C43}.Debug|Any CPU.ActiveCfg = Debug|Any CPU
		{A663DC34-6937-4787-9206-68C36B024C43}.Debug|Any CPU.Build.0 = Debug|Any CPU
		{A663DC34-6937-4787-9206-68C36B024C43}.Release|Any CPU.ActiveCfg = Release|Any CPU
		{A663DC34-6937-4787-9206-68C36B024C43}.Release|Any CPU.Build.0 = Release|Any CPU
		{C6DDA103-BAE9-4804-BD0F-4810BE9C1F2F}.Debug|Any CPU.ActiveCfg = Debug|Any CPU
		{C6DDA103-BAE9-4804-BD0F-4810BE9C1F2F}.Debug|Any CPU.Build.0 = Debug|Any CPU
		{C6DDA103-BAE9-4804-BD0F-4810BE9C1F2F}.Release|Any CPU.ActiveCfg = Release|Any CPU
		{C6DDA103-BAE9-4804-BD0F-4810BE9C1F2F}.Release|Any CPU.Build.0 = Release|Any CPU
		{FB99A7A6-D9DB-40F3-A07B-6BF6A2E913CA}.Debug|Any CPU.ActiveCfg = Debug|Any CPU
		{FB99A7A6-D9DB-40F3-A07B-6BF6A2E913CA}.Debug|Any CPU.Build.0 = Debug|Any CPU
		{FB99A7A6-D9DB-40F3-A07B-6BF6A2E913CA}.Release|Any CPU.ActiveCfg = Release|Any CPU
		{FB99A7A6-D9DB-40F3-A07B-6BF6A2E913CA}.Release|Any CPU.Build.0 = Release|Any CPU
		{1D8AB8E6-9CC4-4874-A518-79CB266C33AF}.Debug|Any CPU.ActiveCfg = Debug|Any CPU
		{1D8AB8E6-9CC4-4874-A518-79CB266C33AF}.Debug|Any CPU.Build.0 = Debug|Any CPU
		{1D8AB8E6-9CC4-4874-A518-79CB266C33AF}.Release|Any CPU.ActiveCfg = Release|Any CPU
		{1D8AB8E6-9CC4-4874-A518-79CB266C33AF}.Release|Any CPU.Build.0 = Release|Any CPU
		{22834975-1791-4058-916B-62881EC586B4}.Debug|Any CPU.ActiveCfg = Debug|Any CPU
		{22834975-1791-4058-916B-62881EC586B4}.Debug|Any CPU.Build.0 = Debug|Any CPU
		{22834975-1791-4058-916B-62881EC586B4}.Release|Any CPU.ActiveCfg = Release|Any CPU
		{22834975-1791-4058-916B-62881EC586B4}.Release|Any CPU.Build.0 = Release|Any CPU
		{5B07F98B-5FB3-469C-9BB5-5229668505AB}.Debug|Any CPU.ActiveCfg = Debug|Any CPU
		{5B07F98B-5FB3-469C-9BB5-5229668505AB}.Debug|Any CPU.Build.0 = Debug|Any CPU
		{5B07F98B-5FB3-469C-9BB5-5229668505AB}.Release|Any CPU.ActiveCfg = Release|Any CPU
		{5B07F98B-5FB3-469C-9BB5-5229668505AB}.Release|Any CPU.Build.0 = Release|Any CPU
		{C9BE6548-E348-45D8-89A5-2A1B3D3B1D4D}.Debug|Any CPU.ActiveCfg = Debug|Any CPU
		{C9BE6548-E348-45D8-89A5-2A1B3D3B1D4D}.Debug|Any CPU.Build.0 = Debug|Any CPU
		{C9BE6548-E348-45D8-89A5-2A1B3D3B1D4D}.Release|Any CPU.ActiveCfg = Release|Any CPU
		{C9BE6548-E348-45D8-89A5-2A1B3D3B1D4D}.Release|Any CPU.Build.0 = Release|Any CPU
		{1EBE6031-CAFA-4693-9F05-260B35B433EC}.Debug|Any CPU.ActiveCfg = Debug|Any CPU
		{1EBE6031-CAFA-4693-9F05-260B35B433EC}.Debug|Any CPU.Build.0 = Debug|Any CPU
		{1EBE6031-CAFA-4693-9F05-260B35B433EC}.Release|Any CPU.ActiveCfg = Release|Any CPU
		{1EBE6031-CAFA-4693-9F05-260B35B433EC}.Release|Any CPU.Build.0 = Release|Any CPU
		{78D1BB8F-E186-4A34-9693-4C463F5159FA}.Debug|Any CPU.ActiveCfg = Debug|Any CPU
		{78D1BB8F-E186-4A34-9693-4C463F5159FA}.Debug|Any CPU.Build.0 = Debug|Any CPU
		{78D1BB8F-E186-4A34-9693-4C463F5159FA}.Release|Any CPU.ActiveCfg = Release|Any CPU
		{78D1BB8F-E186-4A34-9693-4C463F5159FA}.Release|Any CPU.Build.0 = Release|Any CPU
	EndGlobalSection
	GlobalSection(SolutionProperties) = preSolution
		HideSolutionNode = FALSE
	EndGlobalSection
	GlobalSection(NestedProjects) = preSolution
		{75AFC0A6-4C28-42BC-845C-AD79ED1BD951} = {5D5C9020-6D34-4F8F-96D9-AEFDD4258FCC}
		{FB99A7A6-D9DB-40F3-A07B-6BF6A2E913CA} = {5D5C9020-6D34-4F8F-96D9-AEFDD4258FCC}
		{1D8AB8E6-9CC4-4874-A518-79CB266C33AF} = {5D5C9020-6D34-4F8F-96D9-AEFDD4258FCC}
		{22834975-1791-4058-916B-62881EC586B4} = {5D5C9020-6D34-4F8F-96D9-AEFDD4258FCC}
		{5B07F98B-5FB3-469C-9BB5-5229668505AB} = {5D5C9020-6D34-4F8F-96D9-AEFDD4258FCC}
		{C9BE6548-E348-45D8-89A5-2A1B3D3B1D4D} = {B185B8D1-5AEB-4CF5-AB1A-E5F9B3988A94}
		{1EBE6031-CAFA-4693-9F05-260B35B433EC} = {B185B8D1-5AEB-4CF5-AB1A-E5F9B3988A94}
		{78D1BB8F-E186-4A34-9693-4C463F5159FA} = {B185B8D1-5AEB-4CF5-AB1A-E5F9B3988A94}
	EndGlobalSection
	GlobalSection(ExtensibilityGlobals) = postSolution
		SolutionGuid = {5C0A1D91-8B3C-463A-82AE-0A7CF19861ED}
	EndGlobalSection
EndGlobal
